
Microsoft Visual Studio Solution File, Format Version 12.00
# Visual Studio Version 16
VisualStudioVersion = 16.0.31624.102
MinimumVisualStudioVersion = 10.0.40219.1
Project("{FAE04EC0-301F-11D3-BF4B-00C04F79EFBC}") = "EstructuraPilas", "EstructuraPilas\EstructuraPilas.csproj", "{A2993B99-7D45-4EE4-9754-1340D76D527B}"
EndProject
Global
	GlobalSection(SolutionConfigurationPlatforms) = preSolution
		Debug|Any CPU = Debug|Any CPU
		Release|Any CPU = Release|Any CPU
	EndGlobalSection
	GlobalSection(ProjectConfigurationPlatforms) = postSolution
		{A2993B99-7D45-4EE4-9754-1340D76D527B}.Debug|Any CPU.ActiveCfg = Debug|Any CPU
		{A2993B99-7D45-4EE4-9754-1340D76D527B}.Debug|Any CPU.Build.0 = Debug|Any CPU
		{A2993B99-7D45-4EE4-9754-1340D76D527B}.Release|Any CPU.ActiveCfg = Release|Any CPU
		{A2993B99-7D45-4EE4-9754-1340D76D527B}.Release|Any CPU.Build.0 = Release|Any CPU
	EndGlobalSection
	GlobalSection(SolutionProperties) = preSolution
		HideSolutionNode = FALSE
	EndGlobalSection
	GlobalSection(ExtensibilityGlobals) = postSolution
		SolutionGuid = {2D04760B-5396-425A-B59A-731563BCE75F}
	EndGlobalSection
EndGlobal
